// !$*UTF8*$!
{
	archiveVersion = 1;
	classes = {
	};
	objectVersion = 60;
	objects = {

/* Begin PBXBuildFile section */
		D25B43792D401AC80082D7DF /* SafeDI in Frameworks */ = {isa = PBXBuildFile; productRef = D25B43782D401AC80082D7DF /* SafeDI */; };
		FC2906BF2D3BF25400986ADD /* SearchUser in Frameworks */ = {isa = PBXBuildFile; productRef = FC2906BE2D3BF25400986ADD /* SearchUser */; };
		FC8DC0992D3A9AE700158BA2 /* App.swift in Sources */ = {isa = PBXBuildFile; fileRef = FC8DC0982D3A9AE700158BA2 /* App.swift */; };
		FC8DC09D2D3A9AE800158BA2 /* Assets.xcassets in Resources */ = {isa = PBXBuildFile; fileRef = FC8DC09C2D3A9AE800158BA2 /* Assets.xcassets */; };
		FC8DC0A12D3A9AE800158BA2 /* Preview Assets.xcassets in Resources */ = {isa = PBXBuildFile; fileRef = FC8DC0A02D3A9AE800158BA2 /* Preview Assets.xcassets */; };
		FC8DC0AB2D3A9AE800158BA2 /* GitHubClientTests.swift in Sources */ = {isa = PBXBuildFile; fileRef = FC8DC0AA2D3A9AE800158BA2 /* GitHubClientTests.swift */; };
		FC8DC0B52D3A9AE800158BA2 /* GitHubClientUITests.swift in Sources */ = {isa = PBXBuildFile; fileRef = FC8DC0B42D3A9AE800158BA2 /* GitHubClientUITests.swift */; };
		FC8DC0B72D3A9AE800158BA2 /* GitHubClientUITestsLaunchTests.swift in Sources */ = {isa = PBXBuildFile; fileRef = FC8DC0B62D3A9AE800158BA2 /* GitHubClientUITestsLaunchTests.swift */; };
		FC8DC0C52D3A9DD100158BA2 /* Core in Frameworks */ = {isa = PBXBuildFile; productRef = FC8DC0C42D3A9DD100158BA2 /* Core */; };
/* End PBXBuildFile section */

/* Begin PBXContainerItemProxy section */
		FC8DC0A72D3A9AE800158BA2 /* PBXContainerItemProxy */ = {
			isa = PBXContainerItemProxy;
			containerPortal = FC8DC08D2D3A9AE700158BA2 /* Project object */;
			proxyType = 1;
			remoteGlobalIDString = FC8DC0942D3A9AE700158BA2;
			remoteInfo = GitHubClient;
		};
		FC8DC0B12D3A9AE800158BA2 /* PBXContainerItemProxy */ = {
			isa = PBXContainerItemProxy;
			containerPortal = FC8DC08D2D3A9AE700158BA2 /* Project object */;
			proxyType = 1;
			remoteGlobalIDString = FC8DC0942D3A9AE700158BA2;
			remoteInfo = GitHubClient;
		};
/* End PBXContainerItemProxy section */

/* Begin PBXFileReference section */
		FC8DC0952D3A9AE700158BA2 /* GitHubClient.app */ = {isa = PBXFileReference; explicitFileType = wrapper.application; includeInIndex = 0; path = GitHubClient.app; sourceTree = BUILT_PRODUCTS_DIR; };
		FC8DC0982D3A9AE700158BA2 /* App.swift */ = {isa = PBXFileReference; lastKnownFileType = sourcecode.swift; path = App.swift; sourceTree = "<group>"; };
		FC8DC09C2D3A9AE800158BA2 /* Assets.xcassets */ = {isa = PBXFileReference; lastKnownFileType = folder.assetcatalog; path = Assets.xcassets; sourceTree = "<group>"; };
		FC8DC09E2D3A9AE800158BA2 /* GitHubClient.entitlements */ = {isa = PBXFileReference; lastKnownFileType = text.plist.entitlements; path = GitHubClient.entitlements; sourceTree = "<group>"; };
		FC8DC0A02D3A9AE800158BA2 /* Preview Assets.xcassets */ = {isa = PBXFileReference; lastKnownFileType = folder.assetcatalog; path = "Preview Assets.xcassets"; sourceTree = "<group>"; };
		FC8DC0A62D3A9AE800158BA2 /* GitHubClientTests.xctest */ = {isa = PBXFileReference; explicitFileType = wrapper.cfbundle; includeInIndex = 0; path = GitHubClientTests.xctest; sourceTree = BUILT_PRODUCTS_DIR; };
		FC8DC0AA2D3A9AE800158BA2 /* GitHubClientTests.swift */ = {isa = PBXFileReference; lastKnownFileType = sourcecode.swift; path = GitHubClientTests.swift; sourceTree = "<group>"; };
		FC8DC0B02D3A9AE800158BA2 /* GitHubClientUITests.xctest */ = {isa = PBXFileReference; explicitFileType = wrapper.cfbundle; includeInIndex = 0; path = GitHubClientUITests.xctest; sourceTree = BUILT_PRODUCTS_DIR; };
		FC8DC0B42D3A9AE800158BA2 /* GitHubClientUITests.swift */ = {isa = PBXFileReference; lastKnownFileType = sourcecode.swift; path = GitHubClientUITests.swift; sourceTree = "<group>"; };
		FC8DC0B62D3A9AE800158BA2 /* GitHubClientUITestsLaunchTests.swift */ = {isa = PBXFileReference; lastKnownFileType = sourcecode.swift; path = GitHubClientUITestsLaunchTests.swift; sourceTree = "<group>"; };
/* End PBXFileReference section */

/* Begin PBXFrameworksBuildPhase section */
		FC8DC0922D3A9AE700158BA2 /* Frameworks */ = {
			isa = PBXFrameworksBuildPhase;
			buildActionMask = 2147483647;
			files = (
				D25B43792D401AC80082D7DF /* SafeDI in Frameworks */,
				FC8DC0C52D3A9DD100158BA2 /* Core in Frameworks */,
				FC2906BF2D3BF25400986ADD /* SearchUser in Frameworks */,
			);
			runOnlyForDeploymentPostprocessing = 0;
		};
		FC8DC0A32D3A9AE800158BA2 /* Frameworks */ = {
			isa = PBXFrameworksBuildPhase;
			buildActionMask = 2147483647;
			files = (
			);
			runOnlyForDeploymentPostprocessing = 0;
		};
		FC8DC0AD2D3A9AE800158BA2 /* Frameworks */ = {
			isa = PBXFrameworksBuildPhase;
			buildActionMask = 2147483647;
			files = (
			);
			runOnlyForDeploymentPostprocessing = 0;
		};
/* End PBXFrameworksBuildPhase section */

/* Begin PBXGroup section */
		FC8DC08C2D3A9AE700158BA2 = {
			isa = PBXGroup;
			children = (
				FC8DC0972D3A9AE700158BA2 /* GitHubClient */,
				FC8DC0A92D3A9AE800158BA2 /* GitHubClientTests */,
				FC8DC0B32D3A9AE800158BA2 /* GitHubClientUITests */,
				FC8DC0962D3A9AE700158BA2 /* Products */,
				FC8DC0C72D3B7AC900158BA2 /* Frameworks */,
			);
			sourceTree = "<group>";
		};
		FC8DC0962D3A9AE700158BA2 /* Products */ = {
			isa = PBXGroup;
			children = (
				FC8DC0952D3A9AE700158BA2 /* GitHubClient.app */,
				FC8DC0A62D3A9AE800158BA2 /* GitHubClientTests.xctest */,
				FC8DC0B02D3A9AE800158BA2 /* GitHubClientUITests.xctest */,
			);
			name = Products;
			sourceTree = "<group>";
		};
		FC8DC0972D3A9AE700158BA2 /* GitHubClient */ = {
			isa = PBXGroup;
			children = (
				FC8DC0982D3A9AE700158BA2 /* App.swift */,
				FC8DC09C2D3A9AE800158BA2 /* Assets.xcassets */,
				FC8DC09E2D3A9AE800158BA2 /* GitHubClient.entitlements */,
				FC8DC09F2D3A9AE800158BA2 /* Preview Content */,
			);
			path = GitHubClient;
			sourceTree = "<group>";
		};
		FC8DC09F2D3A9AE800158BA2 /* Preview Content */ = {
			isa = PBXGroup;
			children = (
				FC8DC0A02D3A9AE800158BA2 /* Preview Assets.xcassets */,
			);
			path = "Preview Content";
			sourceTree = "<group>";
		};
		FC8DC0A92D3A9AE800158BA2 /* GitHubClientTests */ = {
			isa = PBXGroup;
			children = (
				FC8DC0AA2D3A9AE800158BA2 /* GitHubClientTests.swift */,
			);
			path = GitHubClientTests;
			sourceTree = "<group>";
		};
		FC8DC0B32D3A9AE800158BA2 /* GitHubClientUITests */ = {
			isa = PBXGroup;
			children = (
				FC8DC0B42D3A9AE800158BA2 /* GitHubClientUITests.swift */,
				FC8DC0B62D3A9AE800158BA2 /* GitHubClientUITestsLaunchTests.swift */,
			);
			path = GitHubClientUITests;
			sourceTree = "<group>";
		};
		FC8DC0C72D3B7AC900158BA2 /* Frameworks */ = {
			isa = PBXGroup;
			children = (
			);
			name = Frameworks;
			sourceTree = "<group>";
		};
/* End PBXGroup section */

/* Begin PBXNativeTarget section */
		FC8DC0942D3A9AE700158BA2 /* GitHubClient */ = {
			isa = PBXNativeTarget;
			buildConfigurationList = FC8DC0BA2D3A9AE800158BA2 /* Build configuration list for PBXNativeTarget "GitHubClient" */;
			buildPhases = (
				FC8DC0912D3A9AE700158BA2 /* Sources */,
				FC8DC0922D3A9AE700158BA2 /* Frameworks */,
				FC8DC0932D3A9AE700158BA2 /* Resources */,
			);
			buildRules = (
			);
			dependencies = (
			);
			name = GitHubClient;
			packageProductDependencies = (
				FC8DC0C42D3A9DD100158BA2 /* Core */,
				FC2906BE2D3BF25400986ADD /* SearchUser */,
				D25B43782D401AC80082D7DF /* SafeDI */,
			);
			productName = GitHubClient;
			productReference = FC8DC0952D3A9AE700158BA2 /* GitHubClient.app */;
			productType = "com.apple.product-type.application";
		};
		FC8DC0A52D3A9AE800158BA2 /* GitHubClientTests */ = {
			isa = PBXNativeTarget;
			buildConfigurationList = FC8DC0BD2D3A9AE800158BA2 /* Build configuration list for PBXNativeTarget "GitHubClientTests" */;
			buildPhases = (
				FC8DC0A22D3A9AE800158BA2 /* Sources */,
				FC8DC0A32D3A9AE800158BA2 /* Frameworks */,
				FC8DC0A42D3A9AE800158BA2 /* Resources */,
			);
			buildRules = (
			);
			dependencies = (
				FC8DC0A82D3A9AE800158BA2 /* PBXTargetDependency */,
			);
			name = GitHubClientTests;
			productName = GitHubClientTests;
			productReference = FC8DC0A62D3A9AE800158BA2 /* GitHubClientTests.xctest */;
			productType = "com.apple.product-type.bundle.unit-test";
		};
		FC8DC0AF2D3A9AE800158BA2 /* GitHubClientUITests */ = {
			isa = PBXNativeTarget;
			buildConfigurationList = FC8DC0C02D3A9AE800158BA2 /* Build configuration list for PBXNativeTarget "GitHubClientUITests" */;
			buildPhases = (
				FC8DC0AC2D3A9AE800158BA2 /* Sources */,
				FC8DC0AD2D3A9AE800158BA2 /* Frameworks */,
				FC8DC0AE2D3A9AE800158BA2 /* Resources */,
			);
			buildRules = (
			);
			dependencies = (
				FC8DC0B22D3A9AE800158BA2 /* PBXTargetDependency */,
			);
			name = GitHubClientUITests;
			productName = GitHubClientUITests;
			productReference = FC8DC0B02D3A9AE800158BA2 /* GitHubClientUITests.xctest */;
			productType = "com.apple.product-type.bundle.ui-testing";
		};
/* End PBXNativeTarget section */

/* Begin PBXProject section */
		FC8DC08D2D3A9AE700158BA2 /* Project object */ = {
			isa = PBXProject;
			attributes = {
				BuildIndependentTargetsInParallel = 1;
				LastSwiftUpdateCheck = 1540;
				LastUpgradeCheck = 1620;
				TargetAttributes = {
					FC8DC0942D3A9AE700158BA2 = {
						CreatedOnToolsVersion = 15.4;
					};
					FC8DC0A52D3A9AE800158BA2 = {
						CreatedOnToolsVersion = 15.4;
						TestTargetID = FC8DC0942D3A9AE700158BA2;
					};
					FC8DC0AF2D3A9AE800158BA2 = {
						CreatedOnToolsVersion = 15.4;
						TestTargetID = FC8DC0942D3A9AE700158BA2;
					};
				};
			};
			buildConfigurationList = FC8DC0902D3A9AE700158BA2 /* Build configuration list for PBXProject "GitHubClient" */;
			compatibilityVersion = "Xcode 14.0";
			developmentRegion = en;
			hasScannedForEncodings = 0;
			knownRegions = (
				en,
				Base,
			);
			mainGroup = FC8DC08C2D3A9AE700158BA2;
			packageReferences = (
				FC8DC0C32D3A9DD100158BA2 /* XCLocalSwiftPackageReference "Core" */,
				FC8DC0C62D3B7AC000158BA2 /* XCLocalSwiftPackageReference "Feature" */,
				D25B43772D401AC80082D7DF /* XCRemoteSwiftPackageReference "SafeDI" */,
			);
			productRefGroup = FC8DC0962D3A9AE700158BA2 /* Products */;
			projectDirPath = "";
			projectRoot = "";
			targets = (
				FC8DC0942D3A9AE700158BA2 /* GitHubClient */,
				FC8DC0A52D3A9AE800158BA2 /* GitHubClientTests */,
				FC8DC0AF2D3A9AE800158BA2 /* GitHubClientUITests */,
			);
		};
/* End PBXProject section */

/* Begin PBXResourcesBuildPhase section */
		FC8DC0932D3A9AE700158BA2 /* Resources */ = {
			isa = PBXResourcesBuildPhase;
			buildActionMask = 2147483647;
			files = (
				FC8DC0A12D3A9AE800158BA2 /* Preview Assets.xcassets in Resources */,
				FC8DC09D2D3A9AE800158BA2 /* Assets.xcassets in Resources */,
			);
			runOnlyForDeploymentPostprocessing = 0;
		};
		FC8DC0A42D3A9AE800158BA2 /* Resources */ = {
			isa = PBXResourcesBuildPhase;
			buildActionMask = 2147483647;
			files = (
			);
			runOnlyForDeploymentPostprocessing = 0;
		};
		FC8DC0AE2D3A9AE800158BA2 /* Resources */ = {
			isa = PBXResourcesBuildPhase;
			buildActionMask = 2147483647;
			files = (
			);
			runOnlyForDeploymentPostprocessing = 0;
		};
/* End PBXResourcesBuildPhase section */

/* Begin PBXSourcesBuildPhase section */
		FC8DC0912D3A9AE700158BA2 /* Sources */ = {
			isa = PBXSourcesBuildPhase;
			buildActionMask = 2147483647;
			files = (
				FC8DC0992D3A9AE700158BA2 /* App.swift in Sources */,
			);
			runOnlyForDeploymentPostprocessing = 0;
		};
		FC8DC0A22D3A9AE800158BA2 /* Sources */ = {
			isa = PBXSourcesBuildPhase;
			buildActionMask = 2147483647;
			files = (
				FC8DC0AB2D3A9AE800158BA2 /* GitHubClientTests.swift in Sources */,
			);
			runOnlyForDeploymentPostprocessing = 0;
		};
		FC8DC0AC2D3A9AE800158BA2 /* Sources */ = {
			isa = PBXSourcesBuildPhase;
			buildActionMask = 2147483647;
			files = (
				FC8DC0B72D3A9AE800158BA2 /* GitHubClientUITestsLaunchTests.swift in Sources */,
				FC8DC0B52D3A9AE800158BA2 /* GitHubClientUITests.swift in Sources */,
			);
			runOnlyForDeploymentPostprocessing = 0;
		};
/* End PBXSourcesBuildPhase section */

/* Begin PBXTargetDependency section */
		FC8DC0A82D3A9AE800158BA2 /* PBXTargetDependency */ = {
			isa = PBXTargetDependency;
			target = FC8DC0942D3A9AE700158BA2 /* GitHubClient */;
			targetProxy = FC8DC0A72D3A9AE800158BA2 /* PBXContainerItemProxy */;
		};
		FC8DC0B22D3A9AE800158BA2 /* PBXTargetDependency */ = {
			isa = PBXTargetDependency;
			target = FC8DC0942D3A9AE700158BA2 /* GitHubClient */;
			targetProxy = FC8DC0B12D3A9AE800158BA2 /* PBXContainerItemProxy */;
		};
/* End PBXTargetDependency section */

/* Begin XCBuildConfiguration section */
		FC8DC0B82D3A9AE800158BA2 /* Debug */ = {
			isa = XCBuildConfiguration;
			buildSettings = {
				ALWAYS_SEARCH_USER_PATHS = NO;
				ASSETCATALOG_COMPILER_GENERATE_SWIFT_ASSET_SYMBOL_EXTENSIONS = YES;
				CLANG_ANALYZER_NONNULL = YES;
				CLANG_ANALYZER_NUMBER_OBJECT_CONVERSION = YES_AGGRESSIVE;
				CLANG_CXX_LANGUAGE_STANDARD = "gnu++20";
				CLANG_ENABLE_MODULES = YES;
				CLANG_ENABLE_OBJC_ARC = YES;
				CLANG_ENABLE_OBJC_WEAK = YES;
				CLANG_WARN_BLOCK_CAPTURE_AUTORELEASING = YES;
				CLANG_WARN_BOOL_CONVERSION = YES;
				CLANG_WARN_COMMA = YES;
				CLANG_WARN_CONSTANT_CONVERSION = YES;
				CLANG_WARN_DEPRECATED_OBJC_IMPLEMENTATIONS = YES;
				CLANG_WARN_DIRECT_OBJC_ISA_USAGE = YES_ERROR;
				CLANG_WARN_DOCUMENTATION_COMMENTS = YES;
				CLANG_WARN_EMPTY_BODY = YES;
				CLANG_WARN_ENUM_CONVERSION = YES;
				CLANG_WARN_INFINITE_RECURSION = YES;
				CLANG_WARN_INT_CONVERSION = YES;
				CLANG_WARN_NON_LITERAL_NULL_CONVERSION = YES;
				CLANG_WARN_OBJC_IMPLICIT_RETAIN_SELF = YES;
				CLANG_WARN_OBJC_LITERAL_CONVERSION = YES;
				CLANG_WARN_OBJC_ROOT_CLASS = YES_ERROR;
				CLANG_WARN_QUOTED_INCLUDE_IN_FRAMEWORK_HEADER = YES;
				CLANG_WARN_RANGE_LOOP_ANALYSIS = YES;
				CLANG_WARN_STRICT_PROTOTYPES = YES;
				CLANG_WARN_SUSPICIOUS_MOVE = YES;
				CLANG_WARN_UNGUARDED_AVAILABILITY = YES_AGGRESSIVE;
				CLANG_WARN_UNREACHABLE_CODE = YES;
				CLANG_WARN__DUPLICATE_METHOD_MATCH = YES;
				COPY_PHASE_STRIP = NO;
				DEAD_CODE_STRIPPING = YES;
				DEBUG_INFORMATION_FORMAT = dwarf;
				ENABLE_STRICT_OBJC_MSGSEND = YES;
				ENABLE_TESTABILITY = YES;
				ENABLE_USER_SCRIPT_SANDBOXING = NO;
				GCC_C_LANGUAGE_STANDARD = gnu17;
				GCC_DYNAMIC_NO_PIC = NO;
				GCC_NO_COMMON_BLOCKS = YES;
				GCC_OPTIMIZATION_LEVEL = 0;
				GCC_PREPROCESSOR_DEFINITIONS = (
					"DEBUG=1",
					"$(inherited)",
				);
				GCC_WARN_64_TO_32_BIT_CONVERSION = YES;
				GCC_WARN_ABOUT_RETURN_TYPE = YES_ERROR;
				GCC_WARN_UNDECLARED_SELECTOR = YES;
				GCC_WARN_UNINITIALIZED_AUTOS = YES_AGGRESSIVE;
				GCC_WARN_UNUSED_FUNCTION = YES;
				GCC_WARN_UNUSED_VARIABLE = YES;
				LOCALIZATION_PREFERS_STRING_CATALOGS = YES;
				MTL_ENABLE_DEBUG_INFO = INCLUDE_SOURCE;
				MTL_FAST_MATH = YES;
				ONLY_ACTIVE_ARCH = YES;
				SWIFT_ACTIVE_COMPILATION_CONDITIONS = "DEBUG $(inherited)";
				SWIFT_OPTIMIZATION_LEVEL = "-Onone";
			};
			name = Debug;
		};
		FC8DC0B92D3A9AE800158BA2 /* Release */ = {
			isa = XCBuildConfiguration;
			buildSettings = {
				ALWAYS_SEARCH_USER_PATHS = NO;
				ASSETCATALOG_COMPILER_GENERATE_SWIFT_ASSET_SYMBOL_EXTENSIONS = YES;
				CLANG_ANALYZER_NONNULL = YES;
				CLANG_ANALYZER_NUMBER_OBJECT_CONVERSION = YES_AGGRESSIVE;
				CLANG_CXX_LANGUAGE_STANDARD = "gnu++20";
				CLANG_ENABLE_MODULES = YES;
				CLANG_ENABLE_OBJC_ARC = YES;
				CLANG_ENABLE_OBJC_WEAK = YES;
				CLANG_WARN_BLOCK_CAPTURE_AUTORELEASING = YES;
				CLANG_WARN_BOOL_CONVERSION = YES;
				CLANG_WARN_COMMA = YES;
				CLANG_WARN_CONSTANT_CONVERSION = YES;
				CLANG_WARN_DEPRECATED_OBJC_IMPLEMENTATIONS = YES;
				CLANG_WARN_DIRECT_OBJC_ISA_USAGE = YES_ERROR;
				CLANG_WARN_DOCUMENTATION_COMMENTS = YES;
				CLANG_WARN_EMPTY_BODY = YES;
				CLANG_WARN_ENUM_CONVERSION = YES;
				CLANG_WARN_INFINITE_RECURSION = YES;
				CLANG_WARN_INT_CONVERSION = YES;
				CLANG_WARN_NON_LITERAL_NULL_CONVERSION = YES;
				CLANG_WARN_OBJC_IMPLICIT_RETAIN_SELF = YES;
				CLANG_WARN_OBJC_LITERAL_CONVERSION = YES;
				CLANG_WARN_OBJC_ROOT_CLASS = YES_ERROR;
				CLANG_WARN_QUOTED_INCLUDE_IN_FRAMEWORK_HEADER = YES;
				CLANG_WARN_RANGE_LOOP_ANALYSIS = YES;
				CLANG_WARN_STRICT_PROTOTYPES = YES;
				CLANG_WARN_SUSPICIOUS_MOVE = YES;
				CLANG_WARN_UNGUARDED_AVAILABILITY = YES_AGGRESSIVE;
				CLANG_WARN_UNREACHABLE_CODE = YES;
				CLANG_WARN__DUPLICATE_METHOD_MATCH = YES;
				COPY_PHASE_STRIP = NO;
				DEAD_CODE_STRIPPING = YES;
				DEBUG_INFORMATION_FORMAT = "dwarf-with-dsym";
				ENABLE_NS_ASSERTIONS = NO;
				ENABLE_STRICT_OBJC_MSGSEND = YES;
				ENABLE_USER_SCRIPT_SANDBOXING = NO;
				GCC_C_LANGUAGE_STANDARD = gnu17;
				GCC_NO_COMMON_BLOCKS = YES;
				GCC_WARN_64_TO_32_BIT_CONVERSION = YES;
				GCC_WARN_ABOUT_RETURN_TYPE = YES_ERROR;
				GCC_WARN_UNDECLARED_SELECTOR = YES;
				GCC_WARN_UNINITIALIZED_AUTOS = YES_AGGRESSIVE;
				GCC_WARN_UNUSED_FUNCTION = YES;
				GCC_WARN_UNUSED_VARIABLE = YES;
				LOCALIZATION_PREFERS_STRING_CATALOGS = YES;
				MTL_ENABLE_DEBUG_INFO = NO;
				MTL_FAST_MATH = YES;
				SWIFT_COMPILATION_MODE = wholemodule;
			};
			name = Release;
		};
		FC8DC0BB2D3A9AE800158BA2 /* Debug */ = {
			isa = XCBuildConfiguration;
			buildSettings = {
				ASSETCATALOG_COMPILER_APPICON_NAME = AppIcon;
				ASSETCATALOG_COMPILER_GLOBAL_ACCENT_COLOR_NAME = AccentColor;
				CODE_SIGN_ENTITLEMENTS = GitHubClient/GitHubClient.entitlements;
				CODE_SIGN_STYLE = Automatic;
				CURRENT_PROJECT_VERSION = 1;
				DEAD_CODE_STRIPPING = YES;
				DEVELOPMENT_ASSET_PATHS = "\"GitHubClient/Preview Content\"";
				ENABLE_PREVIEWS = YES;
				GENERATE_INFOPLIST_FILE = YES;
				"INFOPLIST_KEY_UIApplicationSceneManifest_Generation[sdk=iphoneos*]" = YES;
				"INFOPLIST_KEY_UIApplicationSceneManifest_Generation[sdk=iphonesimulator*]" = YES;
				"INFOPLIST_KEY_UIApplicationSupportsIndirectInputEvents[sdk=iphoneos*]" = YES;
				"INFOPLIST_KEY_UIApplicationSupportsIndirectInputEvents[sdk=iphonesimulator*]" = YES;
				"INFOPLIST_KEY_UILaunchScreen_Generation[sdk=iphoneos*]" = YES;
				"INFOPLIST_KEY_UILaunchScreen_Generation[sdk=iphonesimulator*]" = YES;
				"INFOPLIST_KEY_UIStatusBarStyle[sdk=iphoneos*]" = UIStatusBarStyleDefault;
				"INFOPLIST_KEY_UIStatusBarStyle[sdk=iphonesimulator*]" = UIStatusBarStyleDefault;
				INFOPLIST_KEY_UISupportedInterfaceOrientations_iPad = "UIInterfaceOrientationPortrait UIInterfaceOrientationPortraitUpsideDown UIInterfaceOrientationLandscapeLeft UIInterfaceOrientationLandscapeRight";
				INFOPLIST_KEY_UISupportedInterfaceOrientations_iPhone = "UIInterfaceOrientationPortrait UIInterfaceOrientationLandscapeLeft UIInterfaceOrientationLandscapeRight";
				IPHONEOS_DEPLOYMENT_TARGET = 16.0;
				LD_RUNPATH_SEARCH_PATHS = "@executable_path/Frameworks";
				"LD_RUNPATH_SEARCH_PATHS[sdk=macosx*]" = "@executable_path/../Frameworks";
				MACOSX_DEPLOYMENT_TARGET = 14.4;
				MARKETING_VERSION = 1.0;
				PRODUCT_BUNDLE_IDENTIFIER = com.test.GitHubClient;
				PRODUCT_NAME = "$(TARGET_NAME)";
				SDKROOT = auto;
				SUPPORTED_PLATFORMS = "iphonesimulator iphoneos";
				SWIFT_EMIT_LOC_STRINGS = YES;
				SWIFT_STRICT_CONCURRENCY = complete;
				SWIFT_VERSION = 6.0;
				TARGETED_DEVICE_FAMILY = "1,2";
			};
			name = Debug;
		};
		FC8DC0BC2D3A9AE800158BA2 /* Release */ = {
			isa = XCBuildConfiguration;
			buildSettings = {
				ASSETCATALOG_COMPILER_APPICON_NAME = AppIcon;
				ASSETCATALOG_COMPILER_GLOBAL_ACCENT_COLOR_NAME = AccentColor;
				CODE_SIGN_ENTITLEMENTS = GitHubClient/GitHubClient.entitlements;
				CODE_SIGN_STYLE = Automatic;
				CURRENT_PROJECT_VERSION = 1;
				DEAD_CODE_STRIPPING = YES;
				DEVELOPMENT_ASSET_PATHS = "\"GitHubClient/Preview Content\"";
				ENABLE_PREVIEWS = YES;
				GENERATE_INFOPLIST_FILE = YES;
				"INFOPLIST_KEY_UIApplicationSceneManifest_Generation[sdk=iphoneos*]" = YES;
				"INFOPLIST_KEY_UIApplicationSceneManifest_Generation[sdk=iphonesimulator*]" = YES;
				"INFOPLIST_KEY_UIApplicationSupportsIndirectInputEvents[sdk=iphoneos*]" = YES;
				"INFOPLIST_KEY_UIApplicationSupportsIndirectInputEvents[sdk=iphonesimulator*]" = YES;
				"INFOPLIST_KEY_UILaunchScreen_Generation[sdk=iphoneos*]" = YES;
				"INFOPLIST_KEY_UILaunchScreen_Generation[sdk=iphonesimulator*]" = YES;
				"INFOPLIST_KEY_UIStatusBarStyle[sdk=iphoneos*]" = UIStatusBarStyleDefault;
				"INFOPLIST_KEY_UIStatusBarStyle[sdk=iphonesimulator*]" = UIStatusBarStyleDefault;
				INFOPLIST_KEY_UISupportedInterfaceOrientations_iPad = "UIInterfaceOrientationPortrait UIInterfaceOrientationPortraitUpsideDown UIInterfaceOrientationLandscapeLeft UIInterfaceOrientationLandscapeRight";
				INFOPLIST_KEY_UISupportedInterfaceOrientations_iPhone = "UIInterfaceOrientationPortrait UIInterfaceOrientationLandscapeLeft UIInterfaceOrientationLandscapeRight";
				IPHONEOS_DEPLOYMENT_TARGET = 16.0;
				LD_RUNPATH_SEARCH_PATHS = "@executable_path/Frameworks";
				"LD_RUNPATH_SEARCH_PATHS[sdk=macosx*]" = "@executable_path/../Frameworks";
				MACOSX_DEPLOYMENT_TARGET = 14.4;
				MARKETING_VERSION = 1.0;
				PRODUCT_BUNDLE_IDENTIFIER = com.test.GitHubClient;
				PRODUCT_NAME = "$(TARGET_NAME)";
				SDKROOT = auto;
				SUPPORTED_PLATFORMS = "iphonesimulator iphoneos";
				SWIFT_EMIT_LOC_STRINGS = YES;
				SWIFT_STRICT_CONCURRENCY = complete;
				SWIFT_VERSION = 6.0;
				TARGETED_DEVICE_FAMILY = "1,2";
			};
			name = Release;
		};
		FC8DC0BE2D3A9AE800158BA2 /* Debug */ = {
			isa = XCBuildConfiguration;
			buildSettings = {
				BUNDLE_LOADER = "$(TEST_HOST)";
				CODE_SIGN_STYLE = Automatic;
				CURRENT_PROJECT_VERSION = 1;
				DEAD_CODE_STRIPPING = YES;
				GENERATE_INFOPLIST_FILE = YES;
				IPHONEOS_DEPLOYMENT_TARGET = 17.5;
				MACOSX_DEPLOYMENT_TARGET = 14.4;
				MARKETING_VERSION = 1.0;
				PRODUCT_BUNDLE_IDENTIFIER = com.test.GitHubClientTests;
				PRODUCT_NAME = "$(TARGET_NAME)";
				SDKROOT = auto;
				SUPPORTED_PLATFORMS = "iphoneos iphonesimulator macosx";
				SWIFT_EMIT_LOC_STRINGS = NO;
				SWIFT_VERSION = 5.0;
				TARGETED_DEVICE_FAMILY = "1,2";
				TEST_HOST = "$(BUILT_PRODUCTS_DIR)/GitHubClient.app/$(BUNDLE_EXECUTABLE_FOLDER_PATH)/GitHubClient";
			};
			name = Debug;
		};
		FC8DC0BF2D3A9AE800158BA2 /* Release */ = {
			isa = XCBuildConfiguration;
			buildSettings = {
				BUNDLE_LOADER = "$(TEST_HOST)";
				CODE_SIGN_STYLE = Automatic;
				CURRENT_PROJECT_VERSION = 1;
				DEAD_CODE_STRIPPING = YES;
				GENERATE_INFOPLIST_FILE = YES;
				IPHONEOS_DEPLOYMENT_TARGET = 17.5;
				MACOSX_DEPLOYMENT_TARGET = 14.4;
				MARKETING_VERSION = 1.0;
				PRODUCT_BUNDLE_IDENTIFIER = com.test.GitHubClientTests;
				PRODUCT_NAME = "$(TARGET_NAME)";
				SDKROOT = auto;
				SUPPORTED_PLATFORMS = "iphoneos iphonesimulator macosx";
				SWIFT_EMIT_LOC_STRINGS = NO;
				SWIFT_VERSION = 5.0;
				TARGETED_DEVICE_FAMILY = "1,2";
				TEST_HOST = "$(BUILT_PRODUCTS_DIR)/GitHubClient.app/$(BUNDLE_EXECUTABLE_FOLDER_PATH)/GitHubClient";
			};
			name = Release;
		};
		FC8DC0C12D3A9AE800158BA2 /* Debug */ = {
			isa = XCBuildConfiguration;
			buildSettings = {
				CODE_SIGN_STYLE = Automatic;
				CURRENT_PROJECT_VERSION = 1;
				DEAD_CODE_STRIPPING = YES;
				GENERATE_INFOPLIST_FILE = YES;
				IPHONEOS_DEPLOYMENT_TARGET = 17.5;
				MACOSX_DEPLOYMENT_TARGET = 14.4;
				MARKETING_VERSION = 1.0;
				PRODUCT_BUNDLE_IDENTIFIER = com.test.GitHubClientUITests;
				PRODUCT_NAME = "$(TARGET_NAME)";
				SDKROOT = auto;
				SUPPORTED_PLATFORMS = "iphoneos iphonesimulator macosx";
				SWIFT_EMIT_LOC_STRINGS = NO;
				SWIFT_VERSION = 5.0;
				TARGETED_DEVICE_FAMILY = "1,2";
				TEST_TARGET_NAME = GitHubClient;
			};
			name = Debug;
		};
		FC8DC0C22D3A9AE800158BA2 /* Release */ = {
			isa = XCBuildConfiguration;
			buildSettings = {
				CODE_SIGN_STYLE = Automatic;
				CURRENT_PROJECT_VERSION = 1;
				DEAD_CODE_STRIPPING = YES;
				GENERATE_INFOPLIST_FILE = YES;
				IPHONEOS_DEPLOYMENT_TARGET = 17.5;
				MACOSX_DEPLOYMENT_TARGET = 14.4;
				MARKETING_VERSION = 1.0;
				PRODUCT_BUNDLE_IDENTIFIER = com.test.GitHubClientUITests;
				PRODUCT_NAME = "$(TARGET_NAME)";
				SDKROOT = auto;
				SUPPORTED_PLATFORMS = "iphoneos iphonesimulator macosx";
				SWIFT_EMIT_LOC_STRINGS = NO;
				SWIFT_VERSION = 5.0;
				TARGETED_DEVICE_FAMILY = "1,2";
				TEST_TARGET_NAME = GitHubClient;
			};
			name = Release;
		};
/* End XCBuildConfiguration section */

/* Begin XCConfigurationList section */
		FC8DC0902D3A9AE700158BA2 /* Build configuration list for PBXProject "GitHubClient" */ = {
			isa = XCConfigurationList;
			buildConfigurations = (
				FC8DC0B82D3A9AE800158BA2 /* Debug */,
				FC8DC0B92D3A9AE800158BA2 /* Release */,
			);
			defaultConfigurationIsVisible = 0;
			defaultConfigurationName = Release;
		};
		FC8DC0BA2D3A9AE800158BA2 /* Build configuration list for PBXNativeTarget "GitHubClient" */ = {
			isa = XCConfigurationList;
			buildConfigurations = (
				FC8DC0BB2D3A9AE800158BA2 /* Debug */,
				FC8DC0BC2D3A9AE800158BA2 /* Release */,
			);
			defaultConfigurationIsVisible = 0;
			defaultConfigurationName = Release;
		};
		FC8DC0BD2D3A9AE800158BA2 /* Build configuration list for PBXNativeTarget "GitHubClientTests" */ = {
			isa = XCConfigurationList;
			buildConfigurations = (
				FC8DC0BE2D3A9AE800158BA2 /* Debug */,
				FC8DC0BF2D3A9AE800158BA2 /* Release */,
			);
			defaultConfigurationIsVisible = 0;
			defaultConfigurationName = Release;
		};
		FC8DC0C02D3A9AE800158BA2 /* Build configuration list for PBXNativeTarget "GitHubClientUITests" */ = {
			isa = XCConfigurationList;
			buildConfigurations = (
				FC8DC0C12D3A9AE800158BA2 /* Debug */,
				FC8DC0C22D3A9AE800158BA2 /* Release */,
			);
			defaultConfigurationIsVisible = 0;
			defaultConfigurationName = Release;
		};
/* End XCConfigurationList section */

/* Begin XCLocalSwiftPackageReference section */
		FC8DC0C32D3A9DD100158BA2 /* XCLocalSwiftPackageReference "Core" */ = {
			isa = XCLocalSwiftPackageReference;
			relativePath = Core;
		};
		FC8DC0C62D3B7AC000158BA2 /* XCLocalSwiftPackageReference "Feature" */ = {
			isa = XCLocalSwiftPackageReference;
			relativePath = Feature;
		};
/* End XCLocalSwiftPackageReference section */

/* Begin XCRemoteSwiftPackageReference section */
		D25B43772D401AC80082D7DF /* XCRemoteSwiftPackageReference "SafeDI" */ = {
			isa = XCRemoteSwiftPackageReference;
			repositoryURL = "https://github.com/dfed/SafeDI";
			requirement = {
				kind = upToNextMajorVersion;
				minimumVersion = 1.1.0;
			};
		};
/* End XCRemoteSwiftPackageReference section */

/* Begin XCSwiftPackageProductDependency section */
		D25B43782D401AC80082D7DF /* SafeDI */ = {
			isa = XCSwiftPackageProductDependency;
			package = D25B43772D401AC80082D7DF /* XCRemoteSwiftPackageReference "SafeDI" */;
			productName = SafeDI;
		};
		FC2906BE2D3BF25400986ADD /* SearchUser */ = {
			isa = XCSwiftPackageProductDependency;
			package = FC8DC0C62D3B7AC000158BA2 /* XCLocalSwiftPackageReference "Feature" */;
			productName = SearchUser;
		};
		FC8DC0C42D3A9DD100158BA2 /* Core */ = {
			isa = XCSwiftPackageProductDependency;
			productName = Core;
		};
/* End XCSwiftPackageProductDependency section */
	};
	rootObject = FC8DC08D2D3A9AE700158BA2 /* Project object */;
}
